
Microsoft Visual Studio Solution File, Format Version 12.00
# Visual Studio Version 17
VisualStudioVersion = 17.9.34723.18
MinimumVisualStudioVersion = 10.0.40219.1
Project("{8BC9CEB8-8B4A-11D0-8D11-00A0C91BC942}") = "WinAPI", "WinAPI\WinAPI.vcxproj", "{9CF370AD-E75F-45B7-84C6-2249A7CCDAF3}"
EndProject
Project("{8BC9CEB8-8B4A-11D0-8D11-00A0C91BC942}") = "ComboBox", "ComboBox\ComboBox.vcxproj", "{1DDC4E40-8267-48AC-959E-EA5E4605DDAA}"
EndProject
Project("{8BC9CEB8-8B4A-11D0-8D11-00A0C91BC942}") = "ListBox", "ListBox\ListBox.vcxproj", "{BB5370EB-EBD0-40A1-B104-1C551F1A00C4}"
EndProject
Project("{8BC9CEB8-8B4A-11D0-8D11-00A0C91BC942}") = "MainWindow", "MainWindow\MainWindow.vcxproj", "{199119EF-2337-479B-A5E1-6015A77F996A}"
EndProject
Global
	GlobalSection(SolutionConfigurationPlatforms) = preSolution
		Debug|x64 = Debug|x64
		Debug|x86 = Debug|x86
		Release|x64 = Release|x64
		Release|x86 = Release|x86
	EndGlobalSection
	GlobalSection(ProjectConfigurationPlatforms) = postSolution
		{9CF370AD-E75F-45B7-84C6-2249A7CCDAF3}.Debug|x64.ActiveCfg = Debug|x64
		{9CF370AD-E75F-45B7-84C6-2249A7CCDAF3}.Debug|x64.Build.0 = Debug|x64
		{9CF370AD-E75F-45B7-84C6-2249A7CCDAF3}.Debug|x86.ActiveCfg = Debug|Win32
		{9CF370AD-E75F-45B7-84C6-2249A7CCDAF3}.Debug|x86.Build.0 = Debug|Win32
		{9CF370AD-E75F-45B7-84C6-2249A7CCDAF3}.Release|x64.ActiveCfg = Release|x64
		{9CF370AD-E75F-45B7-84C6-2249A7CCDAF3}.Release|x64.Build.0 = Release|x64
		{9CF370AD-E75F-45B7-84C6-2249A7CCDAF3}.Release|x86.ActiveCfg = Release|Win32
		{9CF370AD-E75F-45B7-84C6-2249A7CCDAF3}.Release|x86.Build.0 = Release|Win32
		{1DDC4E40-8267-48AC-959E-EA5E4605DDAA}.Debug|x64.ActiveCfg = Debug|x64
		{1DDC4E40-8267-48AC-959E-EA5E4605DDAA}.Debug|x64.Build.0 = Debug|x64
		{1DDC4E40-8267-48AC-959E-EA5E4605DDAA}.Debug|x86.ActiveCfg = Debug|Win32
		{1DDC4E40-8267-48AC-959E-EA5E4605DDAA}.Debug|x86.Build.0 = Debug|Win32
		{1DDC4E40-8267-48AC-959E-EA5E4605DDAA}.Release|x64.ActiveCfg = Release|x64
		{1DDC4E40-8267-48AC-959E-EA5E4605DDAA}.Release|x64.Build.0 = Release|x64
		{1DDC4E40-8267-48AC-959E-EA5E4605DDAA}.Release|x86.ActiveCfg = Release|Win32
		{1DDC4E40-8267-48AC-959E-EA5E4605DDAA}.Release|x86.Build.0 = Release|Win32
		{BB5370EB-EBD0-40A1-B104-1C551F1A00C4}.Debug|x64.ActiveCfg = Debug|x64
		{BB5370EB-EBD0-40A1-B104-1C551F1A00C4}.Debug|x64.Build.0 = Debug|x64
		{BB5370EB-EBD0-40A1-B104-1C551F1A00C4}.Debug|x86.ActiveCfg = Debug|Win32
		{BB5370EB-EBD0-40A1-B104-1C551F1A00C4}.Debug|x86.Build.0 = Debug|Win32
		{BB5370EB-EBD0-40A1-B104-1C551F1A00C4}.Release|x64.ActiveCfg = Release|x64
		{BB5370EB-EBD0-40A1-B104-1C551F1A00C4}.Release|x64.Build.0 = Release|x64
		{BB5370EB-EBD0-40A1-B104-1C551F1A00C4}.Release|x86.ActiveCfg = Release|Win32
		{BB5370EB-EBD0-40A1-B104-1C551F1A00C4}.Release|x86.Build.0 = Release|Win32
		{199119EF-2337-479B-A5E1-6015A77F996A}.Debug|x64.ActiveCfg = Debug|x64
		{199119EF-2337-479B-A5E1-6015A77F996A}.Debug|x64.Build.0 = Debug|x64
		{199119EF-2337-479B-A5E1-6015A77F996A}.Debug|x86.ActiveCfg = Debug|Win32
		{199119EF-2337-479B-A5E1-6015A77F996A}.Debug|x86.Build.0 = Debug|Win32
		{199119EF-2337-479B-A5E1-6015A77F996A}.Release|x64.ActiveCfg = Release|x64
		{199119EF-2337-479B-A5E1-6015A77F996A}.Release|x64.Build.0 = Release|x64
		{199119EF-2337-479B-A5E1-6015A77F996A}.Release|x86.ActiveCfg = Release|Win32
		{199119EF-2337-479B-A5E1-6015A77F996A}.Release|x86.Build.0 = Release|Win32
	EndGlobalSection
	GlobalSection(SolutionProperties) = preSolution
		HideSolutionNode = FALSE
	EndGlobalSection
	GlobalSection(ExtensibilityGlobals) = postSolution
		SolutionGuid = {F19DAF8D-76BF-485B-861D-673A277412D7}
	EndGlobalSection
EndGlobal
