
Microsoft Visual Studio Solution File, Format Version 12.00
# Visual Studio Version 17
VisualStudioVersion = 17.9.34723.18
MinimumVisualStudioVersion = 10.0.40219.1
Project("{8BC9CEB8-8B4A-11D0-8D11-00A0C91BC942}") = "CalcResources", "CalcResources\CalcResources.vcxproj", "{68700073-4C9C-42EC-8E98-5486E6156089}"
EndProject
Global
	GlobalSection(SolutionConfigurationPlatforms) = preSolution
		Debug|x64 = Debug|x64
		Debug|x86 = Debug|x86
		Release|x64 = Release|x64
		Release|x86 = Release|x86
	EndGlobalSection
	GlobalSection(ProjectConfigurationPlatforms) = postSolution
		{68700073-4C9C-42EC-8E98-5486E6156089}.Debug|x64.ActiveCfg = Debug|x64
		{68700073-4C9C-42EC-8E98-5486E6156089}.Debug|x64.Build.0 = Debug|x64
		{68700073-4C9C-42EC-8E98-5486E6156089}.Debug|x86.ActiveCfg = Debug|Win32
		{68700073-4C9C-42EC-8E98-5486E6156089}.Debug|x86.Build.0 = Debug|Win32
		{68700073-4C9C-42EC-8E98-5486E6156089}.Release|x64.ActiveCfg = Release|x64
		{68700073-4C9C-42EC-8E98-5486E6156089}.Release|x64.Build.0 = Release|x64
		{68700073-4C9C-42EC-8E98-5486E6156089}.Release|x86.ActiveCfg = Release|Win32
		{68700073-4C9C-42EC-8E98-5486E6156089}.Release|x86.Build.0 = Release|Win32
	EndGlobalSection
	GlobalSection(SolutionProperties) = preSolution
		HideSolutionNode = FALSE
	EndGlobalSection
	GlobalSection(ExtensibilityGlobals) = postSolution
		SolutionGuid = {5D1B0B0F-1CD9-4994-ACFC-B7C00F1BA571}
	EndGlobalSection
EndGlobal
